
Microsoft Visual Studio Solution File, Format Version 12.00
# Visual Studio 15
VisualStudioVersion = 15.0.26430.13
MinimumVisualStudioVersion = 10.0.40219.1
Project("{FAE04EC0-301F-11D3-BF4B-00C04F79EFBC}") = "DroneLander.Android", "DroneLander\DroneLander.Android\DroneLander.Android.csproj", "{D86F606A-5AAA-4C32-9FB7-D50E3C9604BE}"
EndProject
Project("{FAE04EC0-301F-11D3-BF4B-00C04F79EFBC}") = "DroneLander", "DroneLander\DroneLander\DroneLander.csproj", "{76504AB7-1389-4474-AE2E-6BE835D58742}"
EndProject
Project("{FAE04EC0-301F-11D3-BF4B-00C04F79EFBC}") = "DroneLander.UWP", "DroneLander\DroneLander.UWP\DroneLander.UWP.csproj", "{D1161C58-9D1B-4E49-8ED6-8602AB244C47}"
EndProject
Project("{FAE04EC0-301F-11D3-BF4B-00C04F79EFBC}") = "DroneLander.iOS", "DroneLander\DroneLander.iOS\DroneLander.iOS.csproj", "{E88864A0-E260-450B-AF80-A8DB2B4622EC}"
EndProject
Global
	GlobalSection(SolutionConfigurationPlatforms) = preSolution
		Ad-Hoc|Any CPU = Ad-Hoc|Any CPU
		Ad-Hoc|ARM = Ad-Hoc|ARM
		Ad-Hoc|iPhone = Ad-Hoc|iPhone
		Ad-Hoc|iPhoneSimulator = Ad-Hoc|iPhoneSimulator
		Ad-Hoc|x64 = Ad-Hoc|x64
		Ad-Hoc|x86 = Ad-Hoc|x86
		AppStore|Any CPU = AppStore|Any CPU
		AppStore|ARM = AppStore|ARM
		AppStore|iPhone = AppStore|iPhone
		AppStore|iPhoneSimulator = AppStore|iPhoneSimulator
		AppStore|x64 = AppStore|x64
		AppStore|x86 = AppStore|x86
		Debug|Any CPU = Debug|Any CPU
		Debug|ARM = Debug|ARM
		Debug|iPhone = Debug|iPhone
		Debug|iPhoneSimulator = Debug|iPhoneSimulator
		Debug|x64 = Debug|x64
		Debug|x86 = Debug|x86
		Release|Any CPU = Release|Any CPU
		Release|ARM = Release|ARM
		Release|iPhone = Release|iPhone
		Release|iPhoneSimulator = Release|iPhoneSimulator
		Release|x64 = Release|x64
		Release|x86 = Release|x86
	EndGlobalSection
	GlobalSection(ProjectConfigurationPlatforms) = postSolution
		{D86F606A-5AAA-4C32-9FB7-D50E3C9604BE}.Ad-Hoc|Any CPU.ActiveCfg = Release|Any CPU
		{D86F606A-5AAA-4C32-9FB7-D50E3C9604BE}.Ad-Hoc|Any CPU.Build.0 = Release|Any CPU
		{D86F606A-5AAA-4C32-9FB7-D50E3C9604BE}.Ad-Hoc|Any CPU.Deploy.0 = Release|Any CPU
		{D86F606A-5AAA-4C32-9FB7-D50E3C9604BE}.Ad-Hoc|ARM.ActiveCfg = Release|Any CPU
		{D86F606A-5AAA-4C32-9FB7-D50E3C9604BE}.Ad-Hoc|ARM.Build.0 = Release|Any CPU
		{D86F606A-5AAA-4C32-9FB7-D50E3C9604BE}.Ad-Hoc|ARM.Deploy.0 = Release|Any CPU
		{D86F606A-5AAA-4C32-9FB7-D50E3C9604BE}.Ad-Hoc|iPhone.ActiveCfg = Release|Any CPU
		{D86F606A-5AAA-4C32-9FB7-D50E3C9604BE}.Ad-Hoc|iPhone.Build.0 = Release|Any CPU
		{D86F606A-5AAA-4C32-9FB7-D50E3C9604BE}.Ad-Hoc|iPhone.Deploy.0 = Release|Any CPU
		{D86F606A-5AAA-4C32-9FB7-D50E3C9604BE}.Ad-Hoc|iPhoneSimulator.ActiveCfg = Release|Any CPU
		{D86F606A-5AAA-4C32-9FB7-D50E3C9604BE}.Ad-Hoc|iPhoneSimulator.Build.0 = Release|Any CPU
		{D86F606A-5AAA-4C32-9FB7-D50E3C9604BE}.Ad-Hoc|iPhoneSimulator.Deploy.0 = Release|Any CPU
		{D86F606A-5AAA-4C32-9FB7-D50E3C9604BE}.Ad-Hoc|x64.ActiveCfg = Release|Any CPU
		{D86F606A-5AAA-4C32-9FB7-D50E3C9604BE}.Ad-Hoc|x64.Build.0 = Release|Any CPU
		{D86F606A-5AAA-4C32-9FB7-D50E3C9604BE}.Ad-Hoc|x64.Deploy.0 = Release|Any CPU
		{D86F606A-5AAA-4C32-9FB7-D50E3C9604BE}.Ad-Hoc|x86.ActiveCfg = Release|Any CPU
		{D86F606A-5AAA-4C32-9FB7-D50E3C9604BE}.Ad-Hoc|x86.Build.0 = Release|Any CPU
		{D86F606A-5AAA-4C32-9FB7-D50E3C9604BE}.Ad-Hoc|x86.Deploy.0 = Release|Any CPU
		{D86F606A-5AAA-4C32-9FB7-D50E3C9604BE}.AppStore|Any CPU.ActiveCfg = Release|Any CPU
		{D86F606A-5AAA-4C32-9FB7-D50E3C9604BE}.AppStore|Any CPU.Build.0 = Release|Any CPU
		{D86F606A-5AAA-4C32-9FB7-D50E3C9604BE}.AppStore|Any CPU.Deploy.0 = Release|Any CPU
		{D86F606A-5AAA-4C32-9FB7-D50E3C9604BE}.AppStore|ARM.ActiveCfg = Release|Any CPU
		{D86F606A-5AAA-4C32-9FB7-D50E3C9604BE}.AppStore|ARM.Build.0 = Release|Any CPU
		{D86F606A-5AAA-4C32-9FB7-D50E3C9604BE}.AppStore|ARM.Deploy.0 = Release|Any CPU
		{D86F606A-5AAA-4C32-9FB7-D50E3C9604BE}.AppStore|iPhone.ActiveCfg = Release|Any CPU
		{D86F606A-5AAA-4C32-9FB7-D50E3C9604BE}.AppStore|iPhone.Build.0 = Release|Any CPU
		{D86F606A-5AAA-4C32-9FB7-D50E3C9604BE}.AppStore|iPhone.Deploy.0 = Release|Any CPU
		{D86F606A-5AAA-4C32-9FB7-D50E3C9604BE}.AppStore|iPhoneSimulator.ActiveCfg = Release|Any CPU
		{D86F606A-5AAA-4C32-9FB7-D50E3C9604BE}.AppStore|iPhoneSimulator.Build.0 = Release|Any CPU
		{D86F606A-5AAA-4C32-9FB7-D50E3C9604BE}.AppStore|iPhoneSimulator.Deploy.0 = Release|Any CPU
		{D86F606A-5AAA-4C32-9FB7-D50E3C9604BE}.AppStore|x64.ActiveCfg = Release|Any CPU
		{D86F606A-5AAA-4C32-9FB7-D50E3C9604BE}.AppStore|x64.Build.0 = Release|Any CPU
		{D86F606A-5AAA-4C32-9FB7-D50E3C9604BE}.AppStore|x64.Deploy.0 = Release|Any CPU
		{D86F606A-5AAA-4C32-9FB7-D50E3C9604BE}.AppStore|x86.ActiveCfg = Release|Any CPU
		{D86F606A-5AAA-4C32-9FB7-D50E3C9604BE}.AppStore|x86.Build.0 = Release|Any CPU
		{D86F606A-5AAA-4C32-9FB7-D50E3C9604BE}.AppStore|x86.Deploy.0 = Release|Any CPU
		{D86F606A-5AAA-4C32-9FB7-D50E3C9604BE}.Debug|Any CPU.ActiveCfg = Debug|Any CPU
		{D86F606A-5AAA-4C32-9FB7-D50E3C9604BE}.Debug|Any CPU.Build.0 = Debug|Any CPU
		{D86F606A-5AAA-4C32-9FB7-D50E3C9604BE}.Debug|Any CPU.Deploy.0 = Debug|Any CPU
		{D86F606A-5AAA-4C32-9FB7-D50E3C9604BE}.Debug|ARM.ActiveCfg = Debug|Any CPU
		{D86F606A-5AAA-4C32-9FB7-D50E3C9604BE}.Debug|ARM.Build.0 = Debug|Any CPU
		{D86F606A-5AAA-4C32-9FB7-D50E3C9604BE}.Debug|ARM.Deploy.0 = Debug|Any CPU
		{D86F606A-5AAA-4C32-9FB7-D50E3C9604BE}.Debug|iPhone.ActiveCfg = Debug|Any CPU
		{D86F606A-5AAA-4C32-9FB7-D50E3C9604BE}.Debug|iPhone.Build.0 = Debug|Any CPU
		{D86F606A-5AAA-4C32-9FB7-D50E3C9604BE}.Debug|iPhone.Deploy.0 = Debug|Any CPU
		{D86F606A-5AAA-4C32-9FB7-D50E3C9604BE}.Debug|iPhoneSimulator.ActiveCfg = Debug|Any CPU
		{D86F606A-5AAA-4C32-9FB7-D50E3C9604BE}.Debug|iPhoneSimulator.Build.0 = Debug|Any CPU
		{D86F606A-5AAA-4C32-9FB7-D50E3C9604BE}.Debug|iPhoneSimulator.Deploy.0 = Debug|Any CPU
		{D86F606A-5AAA-4C32-9FB7-D50E3C9604BE}.Debug|x64.ActiveCfg = Debug|Any CPU
		{D86F606A-5AAA-4C32-9FB7-D50E3C9604BE}.Debug|x64.Build.0 = Debug|Any CPU
		{D86F606A-5AAA-4C32-9FB7-D50E3C9604BE}.Debug|x64.Deploy.0 = Debug|Any CPU
		{D86F606A-5AAA-4C32-9FB7-D50E3C9604BE}.Debug|x86.ActiveCfg = Debug|Any CPU
		{D86F606A-5AAA-4C32-9FB7-D50E3C9604BE}.Debug|x86.Build.0 = Debug|Any CPU
		{D86F606A-5AAA-4C32-9FB7-D50E3C9604BE}.Debug|x86.Deploy.0 = Debug|Any CPU
		{D86F606A-5AAA-4C32-9FB7-D50E3C9604BE}.Release|Any CPU.ActiveCfg = Release|Any CPU
		{D86F606A-5AAA-4C32-9FB7-D50E3C9604BE}.Release|Any CPU.Build.0 = Release|Any CPU
		{D86F606A-5AAA-4C32-9FB7-D50E3C9604BE}.Release|Any CPU.Deploy.0 = Release|Any CPU
		{D86F606A-5AAA-4C32-9FB7-D50E3C9604BE}.Release|ARM.ActiveCfg = Release|Any CPU
		{D86F606A-5AAA-4C32-9FB7-D50E3C9604BE}.Release|ARM.Build.0 = Release|Any CPU
		{D86F606A-5AAA-4C32-9FB7-D50E3C9604BE}.Release|ARM.Deploy.0 = Release|Any CPU
		{D86F606A-5AAA-4C32-9FB7-D50E3C9604BE}.Release|iPhone.ActiveCfg = Release|Any CPU
		{D86F606A-5AAA-4C32-9FB7-D50E3C9604BE}.Release|iPhone.Build.0 = Release|Any CPU
		{D86F606A-5AAA-4C32-9FB7-D50E3C9604BE}.Release|iPhone.Deploy.0 = Release|Any CPU
		{D86F606A-5AAA-4C32-9FB7-D50E3C9604BE}.Release|iPhoneSimulator.ActiveCfg = Release|Any CPU
		{D86F606A-5AAA-4C32-9FB7-D50E3C9604BE}.Release|iPhoneSimulator.Build.0 = Release|Any CPU
		{D86F606A-5AAA-4C32-9FB7-D50E3C9604BE}.Release|iPhoneSimulator.Deploy.0 = Release|Any CPU
		{D86F606A-5AAA-4C32-9FB7-D50E3C9604BE}.Release|x64.ActiveCfg = Release|Any CPU
		{D86F606A-5AAA-4C32-9FB7-D50E3C9604BE}.Release|x64.Build.0 = Release|Any CPU
		{D86F606A-5AAA-4C32-9FB7-D50E3C9604BE}.Release|x64.Deploy.0 = Release|Any CPU
		{D86F606A-5AAA-4C32-9FB7-D50E3C9604BE}.Release|x86.ActiveCfg = Release|Any CPU
		{D86F606A-5AAA-4C32-9FB7-D50E3C9604BE}.Release|x86.Build.0 = Release|Any CPU
		{D86F606A-5AAA-4C32-9FB7-D50E3C9604BE}.Release|x86.Deploy.0 = Release|Any CPU
		{76504AB7-1389-4474-AE2E-6BE835D58742}.Ad-Hoc|Any CPU.ActiveCfg = Release|Any CPU
		{76504AB7-1389-4474-AE2E-6BE835D58742}.Ad-Hoc|Any CPU.Build.0 = Release|Any CPU
		{76504AB7-1389-4474-AE2E-6BE835D58742}.Ad-Hoc|ARM.ActiveCfg = Release|Any CPU
		{76504AB7-1389-4474-AE2E-6BE835D58742}.Ad-Hoc|ARM.Build.0 = Release|Any CPU
		{76504AB7-1389-4474-AE2E-6BE835D58742}.Ad-Hoc|iPhone.ActiveCfg = Release|Any CPU
		{76504AB7-1389-4474-AE2E-6BE835D58742}.Ad-Hoc|iPhone.Build.0 = Release|Any CPU
		{76504AB7-1389-4474-AE2E-6BE835D58742}.Ad-Hoc|iPhoneSimulator.ActiveCfg = Release|Any CPU
		{76504AB7-1389-4474-AE2E-6BE835D58742}.Ad-Hoc|iPhoneSimulator.Build.0 = Release|Any CPU
		{76504AB7-1389-4474-AE2E-6BE835D58742}.Ad-Hoc|x64.ActiveCfg = Release|Any CPU
		{76504AB7-1389-4474-AE2E-6BE835D58742}.Ad-Hoc|x64.Build.0 = Release|Any CPU
		{76504AB7-1389-4474-AE2E-6BE835D58742}.Ad-Hoc|x86.ActiveCfg = Release|Any CPU
		{76504AB7-1389-4474-AE2E-6BE835D58742}.Ad-Hoc|x86.Build.0 = Release|Any CPU
		{76504AB7-1389-4474-AE2E-6BE835D58742}.AppStore|Any CPU.ActiveCfg = Release|Any CPU
		{76504AB7-1389-4474-AE2E-6BE835D58742}.AppStore|Any CPU.Build.0 = Release|Any CPU
		{76504AB7-1389-4474-AE2E-6BE835D58742}.AppStore|ARM.ActiveCfg = Release|Any CPU
		{76504AB7-1389-4474-AE2E-6BE835D58742}.AppStore|ARM.Build.0 = Release|Any CPU
		{76504AB7-1389-4474-AE2E-6BE835D58742}.AppStore|iPhone.ActiveCfg = Release|Any CPU
		{76504AB7-1389-4474-AE2E-6BE835D58742}.AppStore|iPhone.Build.0 = Release|Any CPU
		{76504AB7-1389-4474-AE2E-6BE835D58742}.AppStore|iPhoneSimulator.ActiveCfg = Release|Any CPU
		{76504AB7-1389-4474-AE2E-6BE835D58742}.AppStore|iPhoneSimulator.Build.0 = Release|Any CPU
		{76504AB7-1389-4474-AE2E-6BE835D58742}.AppStore|x64.ActiveCfg = Release|Any CPU
		{76504AB7-1389-4474-AE2E-6BE835D58742}.AppStore|x64.Build.0 = Release|Any CPU
		{76504AB7-1389-4474-AE2E-6BE835D58742}.AppStore|x86.ActiveCfg = Release|Any CPU
		{76504AB7-1389-4474-AE2E-6BE835D58742}.AppStore|x86.Build.0 = Release|Any CPU
		{76504AB7-1389-4474-AE2E-6BE835D58742}.Debug|Any CPU.ActiveCfg = Debug|Any CPU
		{76504AB7-1389-4474-AE2E-6BE835D58742}.Debug|Any CPU.Build.0 = Debug|Any CPU
		{76504AB7-1389-4474-AE2E-6BE835D58742}.Debug|ARM.ActiveCfg = Debug|Any CPU
		{76504AB7-1389-4474-AE2E-6BE835D58742}.Debug|ARM.Build.0 = Debug|Any CPU
		{76504AB7-1389-4474-AE2E-6BE835D58742}.Debug|iPhone.ActiveCfg = Debug|Any CPU
		{76504AB7-1389-4474-AE2E-6BE835D58742}.Debug|iPhone.Build.0 = Debug|Any CPU
		{76504AB7-1389-4474-AE2E-6BE835D58742}.Debug|iPhoneSimulator.ActiveCfg = Debug|Any CPU
		{76504AB7-1389-4474-AE2E-6BE835D58742}.Debug|iPhoneSimulator.Build.0 = Debug|Any CPU
		{76504AB7-1389-4474-AE2E-6BE835D58742}.Debug|x64.ActiveCfg = Debug|Any CPU
		{76504AB7-1389-4474-AE2E-6BE835D58742}.Debug|x64.Build.0 = Debug|Any CPU
		{76504AB7-1389-4474-AE2E-6BE835D58742}.Debug|x86.ActiveCfg = Debug|Any CPU
		{76504AB7-1389-4474-AE2E-6BE835D58742}.Debug|x86.Build.0 = Debug|Any CPU
		{76504AB7-1389-4474-AE2E-6BE835D58742}.Release|Any CPU.ActiveCfg = Release|Any CPU
		{76504AB7-1389-4474-AE2E-6BE835D58742}.Release|Any CPU.Build.0 = Release|Any CPU
		{76504AB7-1389-4474-AE2E-6BE835D58742}.Release|ARM.ActiveCfg = Release|Any CPU
		{76504AB7-1389-4474-AE2E-6BE835D58742}.Release|ARM.Build.0 = Release|Any CPU
		{76504AB7-1389-4474-AE2E-6BE835D58742}.Release|iPhone.ActiveCfg = Release|Any CPU
		{76504AB7-1389-4474-AE2E-6BE835D58742}.Release|iPhone.Build.0 = Release|Any CPU
		{76504AB7-1389-4474-AE2E-6BE835D58742}.Release|iPhoneSimulator.ActiveCfg = Release|Any CPU
		{76504AB7-1389-4474-AE2E-6BE835D58742}.Release|iPhoneSimulator.Build.0 = Release|Any CPU
		{76504AB7-1389-4474-AE2E-6BE835D58742}.Release|x64.ActiveCfg = Release|Any CPU
		{76504AB7-1389-4474-AE2E-6BE835D58742}.Release|x64.Build.0 = Release|Any CPU
		{76504AB7-1389-4474-AE2E-6BE835D58742}.Release|x86.ActiveCfg = Release|Any CPU
		{76504AB7-1389-4474-AE2E-6BE835D58742}.Release|x86.Build.0 = Release|Any CPU
		{D1161C58-9D1B-4E49-8ED6-8602AB244C47}.Ad-Hoc|Any CPU.ActiveCfg = Release|x86
		{D1161C58-9D1B-4E49-8ED6-8602AB244C47}.Ad-Hoc|Any CPU.Build.0 = Release|x86
		{D1161C58-9D1B-4E49-8ED6-8602AB244C47}.Ad-Hoc|Any CPU.Deploy.0 = Release|x86
		{D1161C58-9D1B-4E49-8ED6-8602AB244C47}.Ad-Hoc|ARM.ActiveCfg = Release|ARM
		{D1161C58-9D1B-4E49-8ED6-8602AB244C47}.Ad-Hoc|ARM.Build.0 = Release|ARM
		{D1161C58-9D1B-4E49-8ED6-8602AB244C47}.Ad-Hoc|ARM.Deploy.0 = Release|ARM
		{D1161C58-9D1B-4E49-8ED6-8602AB244C47}.Ad-Hoc|iPhone.ActiveCfg = Release|x86
		{D1161C58-9D1B-4E49-8ED6-8602AB244C47}.Ad-Hoc|iPhone.Build.0 = Release|x86
		{D1161C58-9D1B-4E49-8ED6-8602AB244C47}.Ad-Hoc|iPhone.Deploy.0 = Release|x86
		{D1161C58-9D1B-4E49-8ED6-8602AB244C47}.Ad-Hoc|iPhoneSimulator.ActiveCfg = Release|x86
		{D1161C58-9D1B-4E49-8ED6-8602AB244C47}.Ad-Hoc|iPhoneSimulator.Build.0 = Release|x86
		{D1161C58-9D1B-4E49-8ED6-8602AB244C47}.Ad-Hoc|iPhoneSimulator.Deploy.0 = Release|x86
		{D1161C58-9D1B-4E49-8ED6-8602AB244C47}.Ad-Hoc|x64.ActiveCfg = Release|x64
		{D1161C58-9D1B-4E49-8ED6-8602AB244C47}.Ad-Hoc|x64.Build.0 = Release|x64
		{D1161C58-9D1B-4E49-8ED6-8602AB244C47}.Ad-Hoc|x64.Deploy.0 = Release|x64
		{D1161C58-9D1B-4E49-8ED6-8602AB244C47}.Ad-Hoc|x86.ActiveCfg = Release|x86
		{D1161C58-9D1B-4E49-8ED6-8602AB244C47}.Ad-Hoc|x86.Build.0 = Release|x86
		{D1161C58-9D1B-4E49-8ED6-8602AB244C47}.Ad-Hoc|x86.Deploy.0 = Release|x86
		{D1161C58-9D1B-4E49-8ED6-8602AB244C47}.AppStore|Any CPU.ActiveCfg = Release|x86
		{D1161C58-9D1B-4E49-8ED6-8602AB244C47}.AppStore|Any CPU.Build.0 = Release|x86
		{D1161C58-9D1B-4E49-8ED6-8602AB244C47}.AppStore|Any CPU.Deploy.0 = Release|x86
		{D1161C58-9D1B-4E49-8ED6-8602AB244C47}.AppStore|ARM.ActiveCfg = Release|ARM
		{D1161C58-9D1B-4E49-8ED6-8602AB244C47}.AppStore|ARM.Build.0 = Release|ARM
		{D1161C58-9D1B-4E49-8ED6-8602AB244C47}.AppStore|ARM.Deploy.0 = Release|ARM
		{D1161C58-9D1B-4E49-8ED6-8602AB244C47}.AppStore|iPhone.ActiveCfg = Release|x86
		{D1161C58-9D1B-4E49-8ED6-8602AB244C47}.AppStore|iPhone.Build.0 = Release|x86
		{D1161C58-9D1B-4E49-8ED6-8602AB244C47}.AppStore|iPhone.Deploy.0 = Release|x86
		{D1161C58-9D1B-4E49-8ED6-8602AB244C47}.AppStore|iPhoneSimulator.ActiveCfg = Release|x86
		{D1161C58-9D1B-4E49-8ED6-8602AB244C47}.AppStore|iPhoneSimulator.Build.0 = Release|x86
		{D1161C58-9D1B-4E49-8ED6-8602AB244C47}.AppStore|iPhoneSimulator.Deploy.0 = Release|x86
		{D1161C58-9D1B-4E49-8ED6-8602AB244C47}.AppStore|x64.ActiveCfg = Release|x64
		{D1161C58-9D1B-4E49-8ED6-8602AB244C47}.AppStore|x64.Build.0 = Release|x64
		{D1161C58-9D1B-4E49-8ED6-8602AB244C47}.AppStore|x64.Deploy.0 = Release|x64
		{D1161C58-9D1B-4E49-8ED6-8602AB244C47}.AppStore|x86.ActiveCfg = Release|x86
		{D1161C58-9D1B-4E49-8ED6-8602AB244C47}.AppStore|x86.Build.0 = Release|x86
		{D1161C58-9D1B-4E49-8ED6-8602AB244C47}.AppStore|x86.Deploy.0 = Release|x86
		{D1161C58-9D1B-4E49-8ED6-8602AB244C47}.Debug|Any CPU.ActiveCfg = Debug|x86
		{D1161C58-9D1B-4E49-8ED6-8602AB244C47}.Debug|Any CPU.Build.0 = Debug|x86
		{D1161C58-9D1B-4E49-8ED6-8602AB244C47}.Debug|Any CPU.Deploy.0 = Debug|x86
		{D1161C58-9D1B-4E49-8ED6-8602AB244C47}.Debug|ARM.ActiveCfg = Debug|ARM
		{D1161C58-9D1B-4E49-8ED6-8602AB244C47}.Debug|ARM.Build.0 = Debug|ARM
		{D1161C58-9D1B-4E49-8ED6-8602AB244C47}.Debug|ARM.Deploy.0 = Debug|ARM
		{D1161C58-9D1B-4E49-8ED6-8602AB244C47}.Debug|iPhone.ActiveCfg = Debug|x86
		{D1161C58-9D1B-4E49-8ED6-8602AB244C47}.Debug|iPhoneSimulator.ActiveCfg = Debug|x86
		{D1161C58-9D1B-4E49-8ED6-8602AB244C47}.Debug|x64.ActiveCfg = Debug|x64
		{D1161C58-9D1B-4E49-8ED6-8602AB244C47}.Debug|x64.Build.0 = Debug|x64
		{D1161C58-9D1B-4E49-8ED6-8602AB244C47}.Debug|x64.Deploy.0 = Debug|x64
		{D1161C58-9D1B-4E49-8ED6-8602AB244C47}.Debug|x86.ActiveCfg = Debug|x86
		{D1161C58-9D1B-4E49-8ED6-8602AB244C47}.Debug|x86.Build.0 = Debug|x86
		{D1161C58-9D1B-4E49-8ED6-8602AB244C47}.Debug|x86.Deploy.0 = Debug|x86
		{D1161C58-9D1B-4E49-8ED6-8602AB244C47}.Release|Any CPU.ActiveCfg = Release|x86
		{D1161C58-9D1B-4E49-8ED6-8602AB244C47}.Release|Any CPU.Build.0 = Release|x86
		{D1161C58-9D1B-4E49-8ED6-8602AB244C47}.Release|Any CPU.Deploy.0 = Release|x86
		{D1161C58-9D1B-4E49-8ED6-8602AB244C47}.Release|ARM.ActiveCfg = Release|ARM
		{D1161C58-9D1B-4E49-8ED6-8602AB244C47}.Release|ARM.Build.0 = Release|ARM
		{D1161C58-9D1B-4E49-8ED6-8602AB244C47}.Release|ARM.Deploy.0 = Release|ARM
		{D1161C58-9D1B-4E49-8ED6-8602AB244C47}.Release|iPhone.ActiveCfg = Release|x86
		{D1161C58-9D1B-4E49-8ED6-8602AB244C47}.Release|iPhoneSimulator.ActiveCfg = Release|x86
		{D1161C58-9D1B-4E49-8ED6-8602AB244C47}.Release|x64.ActiveCfg = Release|x64
		{D1161C58-9D1B-4E49-8ED6-8602AB244C47}.Release|x64.Build.0 = Release|x64
		{D1161C58-9D1B-4E49-8ED6-8602AB244C47}.Release|x64.Deploy.0 = Release|x64
		{D1161C58-9D1B-4E49-8ED6-8602AB244C47}.Release|x86.ActiveCfg = Release|x86
		{D1161C58-9D1B-4E49-8ED6-8602AB244C47}.Release|x86.Build.0 = Release|x86
		{D1161C58-9D1B-4E49-8ED6-8602AB244C47}.Release|x86.Deploy.0 = Release|x86
		{E88864A0-E260-450B-AF80-A8DB2B4622EC}.Ad-Hoc|Any CPU.ActiveCfg = Ad-Hoc|iPhone
		{E88864A0-E260-450B-AF80-A8DB2B4622EC}.Ad-Hoc|ARM.ActiveCfg = Ad-Hoc|iPhone
		{E88864A0-E260-450B-AF80-A8DB2B4622EC}.Ad-Hoc|iPhone.ActiveCfg = Ad-Hoc|iPhone
		{E88864A0-E260-450B-AF80-A8DB2B4622EC}.Ad-Hoc|iPhone.Build.0 = Ad-Hoc|iPhone
		{E88864A0-E260-450B-AF80-A8DB2B4622EC}.Ad-Hoc|iPhoneSimulator.ActiveCfg = Ad-Hoc|iPhoneSimulator
		{E88864A0-E260-450B-AF80-A8DB2B4622EC}.Ad-Hoc|iPhoneSimulator.Build.0 = Ad-Hoc|iPhoneSimulator
		{E88864A0-E260-450B-AF80-A8DB2B4622EC}.Ad-Hoc|x64.ActiveCfg = Ad-Hoc|iPhone
		{E88864A0-E260-450B-AF80-A8DB2B4622EC}.Ad-Hoc|x86.ActiveCfg = Ad-Hoc|iPhone
		{E88864A0-E260-450B-AF80-A8DB2B4622EC}.AppStore|Any CPU.ActiveCfg = AppStore|iPhone
		{E88864A0-E260-450B-AF80-A8DB2B4622EC}.AppStore|ARM.ActiveCfg = AppStore|iPhone
		{E88864A0-E260-450B-AF80-A8DB2B4622EC}.AppStore|iPhone.ActiveCfg = AppStore|iPhone
		{E88864A0-E260-450B-AF80-A8DB2B4622EC}.AppStore|iPhone.Build.0 = AppStore|iPhone
		{E88864A0-E260-450B-AF80-A8DB2B4622EC}.AppStore|iPhoneSimulator.ActiveCfg = AppStore|iPhoneSimulator
		{E88864A0-E260-450B-AF80-A8DB2B4622EC}.AppStore|iPhoneSimulator.Build.0 = AppStore|iPhoneSimulator
		{E88864A0-E260-450B-AF80-A8DB2B4622EC}.AppStore|x64.ActiveCfg = AppStore|iPhone
		{E88864A0-E260-450B-AF80-A8DB2B4622EC}.AppStore|x86.ActiveCfg = AppStore|iPhone
		{E88864A0-E260-450B-AF80-A8DB2B4622EC}.Debug|Any CPU.ActiveCfg = Debug|iPhone
		{E88864A0-E260-450B-AF80-A8DB2B4622EC}.Debug|ARM.ActiveCfg = Debug|iPhone
		{E88864A0-E260-450B-AF80-A8DB2B4622EC}.Debug|iPhone.ActiveCfg = Debug|iPhone
		{E88864A0-E260-450B-AF80-A8DB2B4622EC}.Debug|iPhone.Build.0 = Debug|iPhone
		{E88864A0-E260-450B-AF80-A8DB2B4622EC}.Debug|iPhoneSimulator.ActiveCfg = Debug|iPhoneSimulator
		{E88864A0-E260-450B-AF80-A8DB2B4622EC}.Debug|iPhoneSimulator.Build.0 = Debug|iPhoneSimulator
		{E88864A0-E260-450B-AF80-A8DB2B4622EC}.Debug|x64.ActiveCfg = Debug|iPhone
		{E88864A0-E260-450B-AF80-A8DB2B4622EC}.Debug|x86.ActiveCfg = Debug|iPhone
		{E88864A0-E260-450B-AF80-A8DB2B4622EC}.Release|Any CPU.ActiveCfg = Release|iPhone
		{E88864A0-E260-450B-AF80-A8DB2B4622EC}.Release|ARM.ActiveCfg = Release|iPhone
		{E88864A0-E260-450B-AF80-A8DB2B4622EC}.Release|iPhone.ActiveCfg = Release|iPhone
		{E88864A0-E260-450B-AF80-A8DB2B4622EC}.Release|iPhone.Build.0 = Release|iPhone
		{E88864A0-E260-450B-AF80-A8DB2B4622EC}.Release|iPhoneSimulator.ActiveCfg = Release|iPhoneSimulator
		{E88864A0-E260-450B-AF80-A8DB2B4622EC}.Release|iPhoneSimulator.Build.0 = Release|iPhoneSimulator
		{E88864A0-E260-450B-AF80-A8DB2B4622EC}.Release|x64.ActiveCfg = Release|iPhone
		{E88864A0-E260-450B-AF80-A8DB2B4622EC}.Release|x86.ActiveCfg = Release|iPhone
	EndGlobalSection
	GlobalSection(SolutionProperties) = preSolution
		HideSolutionNode = FALSE
	EndGlobalSection
EndGlobal
